{
  "name": "sentaurus-tcad-syntax",
  "version": "1.17.2",
  "lockfileVersion": 3,
  "requires": true,
  "packages": {
    "": {
      "name": "sentaurus-tcad-syntax",
      "version": "1.17.2",
      "dependencies": {
        "web-tree-sitter": "^0.25.3"
      },
      "engines": {
        "vscode": "^1.60.0"
      }
    },
    "node_modules/web-tree-sitter": {
      "version": "0.25.3",
      "resolved": "https://registry.npmmirror.com/web-tree-sitter/-/web-tree-sitter-0.25.3.tgz",
      "integrity": "sha512-e0hdXG+nJ18Zd/QJFhSx0DNTSMz7miwUjKyJ/lglTnZo6ke08++BQzXkaeaqnGJFi9qq+nPJg2L8hYAjduToHQ==",
      "license": "MIT"
    }
  }
}
