{
  "name": "sentaurus-tcad-syntax",
  "version": "0.9.0",
  "lockfileVersion": 3,
  "requires": true,
  "packages": {
    "": {
      "name": "sentaurus-tcad-syntax",
      "version": "0.9.0",
      "dependencies": {
        "web-tree-sitter": "^0.22.6"
      },
      "engines": {
        "vscode": "^1.60.0"
      }
    },
    "node_modules/web-tree-sitter": {
      "version": "0.22.6",
      "resolved": "https://registry.npmmirror.com/web-tree-sitter/-/web-tree-sitter-0.22.6.tgz",
      "integrity": "sha512-hS87TH71Zd6mGAmYCvlgxeGDjqd9GTeqXNqTT+u0Gs51uIozNIaaq/kUAbV/Zf56jb2ZOyG8BxZs2GG9wbLi6Q==",
      "license": "MIT"
    }
  }
}
